
Microsoft Visual Studio Solution File, Format Version 12.00
# Visual Studio Version 16
VisualStudioVersion = 16.0.31624.102
MinimumVisualStudioVersion = 10.0.40219.1
Project("{FAE04EC0-301F-11D3-BF4B-00C04F79EFBC}") = "WorldTrainer", "WorldTrainer\WorldTrainer.csproj", "{C95757FD-1C8C-40E1-B155-49DF6061A647}"
EndProject
Project("{FAE04EC0-301F-11D3-BF4B-00C04F79EFBC}") = "Data", "Data\Data.csproj", "{3CD156DA-5458-42F2-A519-5D5C87331223}"
EndProject
Global
	GlobalSection(SolutionConfigurationPlatforms) = preSolution
		Debug|Any CPU = Debug|Any CPU
		Release|Any CPU = Release|Any CPU
	EndGlobalSection
	GlobalSection(ProjectConfigurationPlatforms) = postSolution
		{C95757FD-1C8C-40E1-B155-49DF6061A647}.Debug|Any CPU.ActiveCfg = Debug|Any CPU
		{C95757FD-1C8C-40E1-B155-49DF6061A647}.Debug|Any CPU.Build.0 = Debug|Any CPU
		{C95757FD-1C8C-40E1-B155-49DF6061A647}.Release|Any CPU.ActiveCfg = Release|Any CPU
		{C95757FD-1C8C-40E1-B155-49DF6061A647}.Release|Any CPU.Build.0 = Release|Any CPU
		{3CD156DA-5458-42F2-A519-5D5C87331223}.Debug|Any CPU.ActiveCfg = Debug|Any CPU
		{3CD156DA-5458-42F2-A519-5D5C87331223}.Debug|Any CPU.Build.0 = Debug|Any CPU
		{3CD156DA-5458-42F2-A519-5D5C87331223}.Release|Any CPU.ActiveCfg = Release|Any CPU
		{3CD156DA-5458-42F2-A519-5D5C87331223}.Release|Any CPU.Build.0 = Release|Any CPU
	EndGlobalSection
	GlobalSection(SolutionProperties) = preSolution
		HideSolutionNode = FALSE
	EndGlobalSection
	GlobalSection(ExtensibilityGlobals) = postSolution
		SolutionGuid = {28CA02D7-A692-41D0-8C6A-C7CAF027A0E4}
	EndGlobalSection
EndGlobal
